// !$*UTF8*$!
{
	archiveVersion = 1;
	classes = {
	};
	objectVersion = 50;
	objects = {

/* Begin PBXBuildFile section */
		B425E031242A5FD900E0F5B1 /* Commands.swift in Sources */ = {isa = PBXBuildFile; fileRef = B425E030242A5FD900E0F5B1 /* Commands.swift */; };
		B4650625247462E600C878C9 /* SourceEditorExtension.swift in Sources */ = {isa = PBXBuildFile; fileRef = B4650624247462E600C878C9 /* SourceEditorExtension.swift */; };
		B4BBA1B7246CAC3600DB241B /* iTunesArtwork.png in Resources */ = {isa = PBXBuildFile; fileRef = B4BBA1B6246CAC3600DB241B /* iTunesArtwork.png */; };
		B4BBA1B8246CACB200DB241B /* iTunesArtwork.png in Resources */ = {isa = PBXBuildFile; fileRef = B4BBA1B6246CAC3600DB241B /* iTunesArtwork.png */; };
		B4BBDEBA2462061E000FCB90 /* XCSourceEditorCommand.swift in Sources */ = {isa = PBXBuildFile; fileRef = 953965E46242521E59A23966 /* XCSourceEditorCommand.swift */; };
		B4E2103F242D676900732D7E /* Embellish.scpt in Resources */ = {isa = PBXBuildFile; fileRef = B4F2511E242AAD2500C92183 /* Embellish.scpt */; };
		B4EA9F972476E6E500551DE8 /* install.sh in Resources */ = {isa = PBXBuildFile; fileRef = B4EA9F962476E6E500551DE8 /* install.sh */; };
		B4F2511B242AA2B300C92183 /* README.md in Resources */ = {isa = PBXBuildFile; fileRef = B4F2511A242AA2B300C92183 /* README.md */; };
		B4F2511F242AAD2500C92183 /* Embellish.scpt in Resources */ = {isa = PBXBuildFile; fileRef = B4F2511E242AAD2500C92183 /* Embellish.scpt */; };
		B4F99D6F2410291800307B5F /* AppDelegate.swift in Sources */ = {isa = PBXBuildFile; fileRef = B4F99D6E2410291800307B5F /* AppDelegate.swift */; };
		B4F99D712410291800307B5F /* ViewController.swift in Sources */ = {isa = PBXBuildFile; fileRef = B4F99D702410291800307B5F /* ViewController.swift */; };
		B4F99D732410291900307B5F /* Assets.xcassets in Resources */ = {isa = PBXBuildFile; fileRef = B4F99D722410291900307B5F /* Assets.xcassets */; };
		B4F99D762410291900307B5F /* Main.storyboard in Resources */ = {isa = PBXBuildFile; fileRef = B4F99D742410291900307B5F /* Main.storyboard */; };
		B4F99D852410292600307B5F /* Cocoa.framework in Frameworks */ = {isa = PBXBuildFile; fileRef = B4F99D842410292600307B5F /* Cocoa.framework */; };
		B4F99D8F2410292700307B5F /* Embellish.appex in Embed App Extensions */ = {isa = PBXBuildFile; fileRef = B4F99D822410292600307B5F /* Embellish.appex */; settings = {ATTRIBUTES = (RemoveHeadersOnCopy, ); }; };
		B4F99D9524102D6700307B5F /* FormatCommand.swift in Sources */ = {isa = PBXBuildFile; fileRef = B4F99D9424102D6700307B5F /* FormatCommand.swift */; };
		B4F99D9B24102EA900307B5F /* Extension.swift in Sources */ = {isa = PBXBuildFile; fileRef = B4F99D9824102EA900307B5F /* Extension.swift */; };
		B4F99D9C24102EA900307B5F /* ExtensionString.swift in Sources */ = {isa = PBXBuildFile; fileRef = B4F99D9924102EA900307B5F /* ExtensionString.swift */; };
		B4F99D9D24102EA900307B5F /* ExtensionChar.swift in Sources */ = {isa = PBXBuildFile; fileRef = B4F99D9A24102EA900307B5F /* ExtensionChar.swift */; };
		B4F99DA424102EB100307B5F /* Pref.swift in Sources */ = {isa = PBXBuildFile; fileRef = B4F99D9E24102EB000307B5F /* Pref.swift */; };
		B4F99DA524102EB100307B5F /* Preferences.swift in Sources */ = {isa = PBXBuildFile; fileRef = B4F99D9F24102EB000307B5F /* Preferences.swift */; };
		B4F99DA624102EB100307B5F /* Parser.swift in Sources */ = {isa = PBXBuildFile; fileRef = B4F99DA024102EB000307B5F /* Parser.swift */; };
		B4F99DA724102EB100307B5F /* SwimAtSwiftParser.swift in Sources */ = {isa = PBXBuildFile; fileRef = B4F99DA124102EB000307B5F /* SwimAtSwiftParser.swift */; };
		B4F99DA824102EB100307B5F /* FormatError.swift in Sources */ = {isa = PBXBuildFile; fileRef = B4F99DA224102EB000307B5F /* FormatError.swift */; };
		B4F99DA924102EB100307B5F /* Indent.swift in Sources */ = {isa = PBXBuildFile; fileRef = B4F99DA324102EB000307B5F /* Indent.swift */; };
/* End PBXBuildFile section */

/* Begin PBXContainerItemProxy section */
		B4F99D8D2410292700307B5F /* PBXContainerItemProxy */ = {
			isa = PBXContainerItemProxy;
			containerPortal = B4F99D632410291800307B5F /* Project object */;
			proxyType = 1;
			remoteGlobalIDString = B4F99D812410292600307B5F;
			remoteInfo = Embellish;
		};
/* End PBXContainerItemProxy section */

/* Begin PBXCopyFilesBuildPhase section */
		B4F99D932410292700307B5F /* Embed App Extensions */ = {
			isa = PBXCopyFilesBuildPhase;
			buildActionMask = 2147483647;
			dstPath = "";
			dstSubfolderSpec = 13;
			files = (
				B4F99D8F2410292700307B5F /* Embellish.appex in Embed App Extensions */,
			);
			name = "Embed App Extensions";
			runOnlyForDeploymentPostprocessing = 0;
		};
/* End PBXCopyFilesBuildPhase section */

/* Begin PBXFileReference section */
		953965E46242521E59A23966 /* XCSourceEditorCommand.swift */ = {isa = PBXFileReference; fileEncoding = 4; lastKnownFileType = sourcecode.swift; path = XCSourceEditorCommand.swift; sourceTree = "<group>"; };
		B420249B247F0CED0074E215 /* XcodeKit.framework */ = {isa = PBXFileReference; lastKnownFileType = wrapper.framework; name = XcodeKit.framework; path = Library/Frameworks/XcodeKit.framework; sourceTree = DEVELOPER_DIR; };
		B425E030242A5FD900E0F5B1 /* Commands.swift */ = {isa = PBXFileReference; lastKnownFileType = sourcecode.swift; path = Commands.swift; sourceTree = "<group>"; };
		B4650624247462E600C878C9 /* SourceEditorExtension.swift */ = {isa = PBXFileReference; fileEncoding = 4; lastKnownFileType = sourcecode.swift; path = SourceEditorExtension.swift; sourceTree = "<group>"; };
		B4BBA1B6246CAC3600DB241B /* iTunesArtwork.png */ = {isa = PBXFileReference; lastKnownFileType = image.png; path = iTunesArtwork.png; sourceTree = "<group>"; };
		B4EA9F962476E6E500551DE8 /* install.sh */ = {isa = PBXFileReference; lastKnownFileType = text.script.sh; path = install.sh; sourceTree = "<group>"; };
		B4F2511A242AA2B300C92183 /* README.md */ = {isa = PBXFileReference; lastKnownFileType = net.daringfireball.markdown; path = README.md; sourceTree = "<group>"; };
		B4F2511E242AAD2500C92183 /* Embellish.scpt */ = {isa = PBXFileReference; lastKnownFileType = text; path = Embellish.scpt; sourceTree = "<group>"; };
		B4F99D6B2410291800307B5F /* EmbellishForXcode.app */ = {isa = PBXFileReference; explicitFileType = wrapper.application; includeInIndex = 0; path = EmbellishForXcode.app; sourceTree = BUILT_PRODUCTS_DIR; };
		B4F99D6E2410291800307B5F /* AppDelegate.swift */ = {isa = PBXFileReference; lastKnownFileType = sourcecode.swift; path = AppDelegate.swift; sourceTree = "<group>"; };
		B4F99D702410291800307B5F /* ViewController.swift */ = {isa = PBXFileReference; lastKnownFileType = sourcecode.swift; path = ViewController.swift; sourceTree = "<group>"; };
		B4F99D722410291900307B5F /* Assets.xcassets */ = {isa = PBXFileReference; lastKnownFileType = folder.assetcatalog; path = Assets.xcassets; sourceTree = "<group>"; };
		B4F99D752410291900307B5F /* Base */ = {isa = PBXFileReference; lastKnownFileType = file.storyboard; name = Base; path = Base.lproj/Main.storyboard; sourceTree = "<group>"; };
		B4F99D772410291900307B5F /* Info.plist */ = {isa = PBXFileReference; lastKnownFileType = text.plist.xml; path = Info.plist; sourceTree = "<group>"; };
		B4F99D782410291900307B5F /* EmbellishForXcode.entitlements */ = {isa = PBXFileReference; lastKnownFileType = text.plist.entitlements; path = EmbellishForXcode.entitlements; sourceTree = "<group>"; };
		B4F99D822410292600307B5F /* Embellish.appex */ = {isa = PBXFileReference; explicitFileType = "wrapper.app-extension"; includeInIndex = 0; path = Embellish.appex; sourceTree = BUILT_PRODUCTS_DIR; };
		B4F99D842410292600307B5F /* Cocoa.framework */ = {isa = PBXFileReference; lastKnownFileType = wrapper.framework; name = Cocoa.framework; path = System/Library/Frameworks/Cocoa.framework; sourceTree = SDKROOT; };
		B4F99D8B2410292700307B5F /* Info.plist */ = {isa = PBXFileReference; lastKnownFileType = text.plist.xml; path = Info.plist; sourceTree = "<group>"; };
		B4F99D8C2410292700307B5F /* Embellish.entitlements */ = {isa = PBXFileReference; lastKnownFileType = text.plist.entitlements; path = Embellish.entitlements; sourceTree = "<group>"; };
		B4F99D9424102D6700307B5F /* FormatCommand.swift */ = {isa = PBXFileReference; lastKnownFileType = sourcecode.swift; path = FormatCommand.swift; sourceTree = "<group>"; };
		B4F99D9824102EA900307B5F /* Extension.swift */ = {isa = PBXFileReference; lastKnownFileType = sourcecode.swift; path = Extension.swift; sourceTree = "<group>"; };
		B4F99D9924102EA900307B5F /* ExtensionString.swift */ = {isa = PBXFileReference; lastKnownFileType = sourcecode.swift; path = ExtensionString.swift; sourceTree = "<group>"; };
		B4F99D9A24102EA900307B5F /* ExtensionChar.swift */ = {isa = PBXFileReference; lastKnownFileType = sourcecode.swift; path = ExtensionChar.swift; sourceTree = "<group>"; };
		B4F99D9E24102EB000307B5F /* Pref.swift */ = {isa = PBXFileReference; lastKnownFileType = sourcecode.swift; path = Pref.swift; sourceTree = "<group>"; };
		B4F99D9F24102EB000307B5F /* Preferences.swift */ = {isa = PBXFileReference; lastKnownFileType = sourcecode.swift; path = Preferences.swift; sourceTree = "<group>"; };
		B4F99DA024102EB000307B5F /* Parser.swift */ = {isa = PBXFileReference; lastKnownFileType = sourcecode.swift; path = Parser.swift; sourceTree = "<group>"; };
		B4F99DA124102EB000307B5F /* SwimAtSwiftParser.swift */ = {isa = PBXFileReference; lastKnownFileType = sourcecode.swift; path = SwimAtSwiftParser.swift; sourceTree = "<group>"; };
		B4F99DA224102EB000307B5F /* FormatError.swift */ = {isa = PBXFileReference; lastKnownFileType = sourcecode.swift; path = FormatError.swift; sourceTree = "<group>"; };
		B4F99DA324102EB000307B5F /* Indent.swift */ = {isa = PBXFileReference; lastKnownFileType = sourcecode.swift; path = Indent.swift; sourceTree = "<group>"; };
/* End PBXFileReference section */

/* Begin PBXFrameworksBuildPhase section */
		B4F99D682410291800307B5F /* Frameworks */ = {
			isa = PBXFrameworksBuildPhase;
			buildActionMask = 2147483647;
			files = (
			);
			runOnlyForDeploymentPostprocessing = 0;
		};
		B4F99D7F2410292600307B5F /* Frameworks */ = {
			isa = PBXFrameworksBuildPhase;
			buildActionMask = 2147483647;
			files = (
				B4F99D852410292600307B5F /* Cocoa.framework in Frameworks */,
			);
			runOnlyForDeploymentPostprocessing = 0;
		};
/* End PBXFrameworksBuildPhase section */

/* Begin PBXGroup section */
		B4ABF7F3242BF79100C48B26 /* scripts */ = {
			isa = PBXGroup;
			children = (
				B4F2511E242AAD2500C92183 /* Embellish.scpt */,
			);
			path = scripts;
			sourceTree = "<group>";
		};
		B4BBDEBB246215E1000FCB90 /* proj */ = {
			isa = PBXGroup;
			children = (
				B4F99D8C2410292700307B5F /* Embellish.entitlements */,
				B4F99D8B2410292700307B5F /* Info.plist */,
			);
			path = proj;
			sourceTree = "<group>";
		};
		B4F99D622410291800307B5F = {
			isa = PBXGroup;
			children = (
				B4EA9F962476E6E500551DE8 /* install.sh */,
				B4BBA1B6246CAC3600DB241B /* iTunesArtwork.png */,
				B4F2511A242AA2B300C92183 /* README.md */,
				B4F99D6D2410291800307B5F /* EmbellishForXcode */,
				B4F99D862410292600307B5F /* Embellish */,
				B4F99D832410292600307B5F /* Frameworks */,
				B4F99D6C2410291800307B5F /* Products */,
			);
			sourceTree = "<group>";
		};
		B4F99D6C2410291800307B5F /* Products */ = {
			isa = PBXGroup;
			children = (
				B4F99D6B2410291800307B5F /* EmbellishForXcode.app */,
				B4F99D822410292600307B5F /* Embellish.appex */,
			);
			name = Products;
			sourceTree = "<group>";
		};
		B4F99D6D2410291800307B5F /* EmbellishForXcode */ = {
			isa = PBXGroup;
			children = (
				B4F99D6E2410291800307B5F /* AppDelegate.swift */,
				B4F99D722410291900307B5F /* Assets.xcassets */,
				B4F99D782410291900307B5F /* EmbellishForXcode.entitlements */,
				B4F99D772410291900307B5F /* Info.plist */,
				B4F99D742410291900307B5F /* Main.storyboard */,
				B4F99D702410291800307B5F /* ViewController.swift */,
			);
			path = EmbellishForXcode;
			sourceTree = "<group>";
		};
		B4F99D832410292600307B5F /* Frameworks */ = {
			isa = PBXGroup;
			children = (
				B420249B247F0CED0074E215 /* XcodeKit.framework */,
				B4F99D842410292600307B5F /* Cocoa.framework */,
			);
			name = Frameworks;
			sourceTree = "<group>";
		};
		B4F99D862410292600307B5F /* Embellish */ = {
			isa = PBXGroup;
			children = (
				B4650624247462E600C878C9 /* SourceEditorExtension.swift */,
				B4BBDEBB246215E1000FCB90 /* proj */,
				B425E030242A5FD900E0F5B1 /* Commands.swift */,
				B4F99D9424102D6700307B5F /* FormatCommand.swift */,
				953965E46242521E59A23966 /* XCSourceEditorCommand.swift */,
				B4F99DAA24102EC600307B5F /* parsingFromSwimat */,
				B4ABF7F3242BF79100C48B26 /* scripts */,
			);
			path = Embellish;
			sourceTree = "<group>";
		};
		B4F99DAA24102EC600307B5F /* parsingFromSwimat */ = {
			isa = PBXGroup;
			children = (
				B4F99DA324102EB000307B5F /* Indent.swift */,
				B4F99DA024102EB000307B5F /* Parser.swift */,
				B4F99D9E24102EB000307B5F /* Pref.swift */,
				B4F99D9F24102EB000307B5F /* Preferences.swift */,
				B4F99DA124102EB000307B5F /* SwimAtSwiftParser.swift */,
				B4F99D9824102EA900307B5F /* Extension.swift */,
				B4F99D9A24102EA900307B5F /* ExtensionChar.swift */,
				B4F99D9924102EA900307B5F /* ExtensionString.swift */,
				B4F99DA224102EB000307B5F /* FormatError.swift */,
			);
			path = parsingFromSwimat;
			sourceTree = "<group>";
		};
/* End PBXGroup section */

/* Begin PBXNativeTarget section */
		B4F99D6A2410291800307B5F /* EmbellishForXcode */ = {
			isa = PBXNativeTarget;
			buildConfigurationList = B4F99D7B2410291900307B5F /* Build configuration list for PBXNativeTarget "EmbellishForXcode" */;
			buildPhases = (
				B4F99D672410291800307B5F /* Sources */,
				B4F99D682410291800307B5F /* Frameworks */,
				B4F99D692410291800307B5F /* Resources */,
				B4F99D932410292700307B5F /* Embed App Extensions */,
			);
			buildRules = (
			);
			dependencies = (
				B4F99D8E2410292700307B5F /* PBXTargetDependency */,
			);
			name = EmbellishForXcode;
			productName = EmbellishForXcode;
			productReference = B4F99D6B2410291800307B5F /* EmbellishForXcode.app */;
			productType = "com.apple.product-type.application";
		};
		B4F99D812410292600307B5F /* Embellish */ = {
			isa = PBXNativeTarget;
			buildConfigurationList = B4F99D902410292700307B5F /* Build configuration list for PBXNativeTarget "Embellish" */;
			buildPhases = (
				B4F99D7E2410292600307B5F /* Sources */,
				B4F99D7F2410292600307B5F /* Frameworks */,
				B4F99D802410292600307B5F /* Resources */,
			);
			buildRules = (
			);
			dependencies = (
			);
			name = Embellish;
			productName = Embellish;
			productReference = B4F99D822410292600307B5F /* Embellish.appex */;
			productType = "com.apple.product-type.xcode-extension";
		};
/* End PBXNativeTarget section */

/* Begin PBXProject section */
		B4F99D632410291800307B5F /* Project object */ = {
			isa = PBXProject;
			attributes = {
				LastSwiftUpdateCheck = 1140;
				LastUpgradeCheck = 1140;
				ORGANIZATIONNAME = "Albebaubles LLC";
				TargetAttributes = {
					B4F99D6A2410291800307B5F = {
						CreatedOnToolsVersion = 11.4;
					};
					B4F99D812410292600307B5F = {
						CreatedOnToolsVersion = 11.4;
					};
				};
			};
			buildConfigurationList = B4F99D662410291800307B5F /* Build configuration list for PBXProject "EmbellishForXcode" */;
			compatibilityVersion = "Xcode 9.3";
			developmentRegion = en;
			hasScannedForEncodings = 0;
			knownRegions = (
				en,
				Base,
			);
			mainGroup = B4F99D622410291800307B5F;
			productRefGroup = B4F99D6C2410291800307B5F /* Products */;
			projectDirPath = "";
			projectRoot = "";
			targets = (
				B4F99D6A2410291800307B5F /* EmbellishForXcode */,
				B4F99D812410292600307B5F /* Embellish */,
			);
		};
/* End PBXProject section */

/* Begin PBXResourcesBuildPhase section */
		B4F99D692410291800307B5F /* Resources */ = {
			isa = PBXResourcesBuildPhase;
			buildActionMask = 2147483647;
			files = (
				B4F2511B242AA2B300C92183 /* README.md in Resources */,
				B4BBA1B7246CAC3600DB241B /* iTunesArtwork.png in Resources */,
				B4F99D732410291900307B5F /* Assets.xcassets in Resources */,
				B4F99D762410291900307B5F /* Main.storyboard in Resources */,
				B4EA9F972476E6E500551DE8 /* install.sh in Resources */,
				B4E2103F242D676900732D7E /* Embellish.scpt in Resources */,
			);
			runOnlyForDeploymentPostprocessing = 0;
		};
		B4F99D802410292600307B5F /* Resources */ = {
			isa = PBXResourcesBuildPhase;
			buildActionMask = 2147483647;
			files = (
				B4BBA1B8246CACB200DB241B /* iTunesArtwork.png in Resources */,
				B4F2511F242AAD2500C92183 /* Embellish.scpt in Resources */,
			);
			runOnlyForDeploymentPostprocessing = 0;
		};
/* End PBXResourcesBuildPhase section */

/* Begin PBXSourcesBuildPhase section */
		B4F99D672410291800307B5F /* Sources */ = {
			isa = PBXSourcesBuildPhase;
			buildActionMask = 2147483647;
			files = (
				B4F99D712410291800307B5F /* ViewController.swift in Sources */,
				B4F99D6F2410291800307B5F /* AppDelegate.swift in Sources */,
			);
			runOnlyForDeploymentPostprocessing = 0;
		};
		B4F99D7E2410292600307B5F /* Sources */ = {
			isa = PBXSourcesBuildPhase;
			buildActionMask = 2147483647;
			files = (
				B4F99D9524102D6700307B5F /* FormatCommand.swift in Sources */,
				B4BBDEBA2462061E000FCB90 /* XCSourceEditorCommand.swift in Sources */,
				B4F99D9B24102EA900307B5F /* Extension.swift in Sources */,
				B4F99DA424102EB100307B5F /* Pref.swift in Sources */,
				B4F99DA524102EB100307B5F /* Preferences.swift in Sources */,
				B4F99DA624102EB100307B5F /* Parser.swift in Sources */,
				B4650625247462E600C878C9 /* SourceEditorExtension.swift in Sources */,
				B4F99DA724102EB100307B5F /* SwimAtSwiftParser.swift in Sources */,
				B4F99DA824102EB100307B5F /* FormatError.swift in Sources */,
				B4F99DA924102EB100307B5F /* Indent.swift in Sources */,
				B4F99D9C24102EA900307B5F /* ExtensionString.swift in Sources */,
				B425E031242A5FD900E0F5B1 /* Commands.swift in Sources */,
				B4F99D9D24102EA900307B5F /* ExtensionChar.swift in Sources */,
			);
			runOnlyForDeploymentPostprocessing = 0;
		};
/* End PBXSourcesBuildPhase section */

/* Begin PBXTargetDependency section */
		B4F99D8E2410292700307B5F /* PBXTargetDependency */ = {
			isa = PBXTargetDependency;
			target = B4F99D812410292600307B5F /* Embellish */;
			targetProxy = B4F99D8D2410292700307B5F /* PBXContainerItemProxy */;
		};
/* End PBXTargetDependency section */

/* Begin PBXVariantGroup section */
		B4F99D742410291900307B5F /* Main.storyboard */ = {
			isa = PBXVariantGroup;
			children = (
				B4F99D752410291900307B5F /* Base */,
			);
			name = Main.storyboard;
			sourceTree = "<group>";
		};
/* End PBXVariantGroup section */

/* Begin XCBuildConfiguration section */
		B4F99D792410291900307B5F /* Debug */ = {
			isa = XCBuildConfiguration;
			buildSettings = {
				ALWAYS_SEARCH_USER_PATHS = NO;
				CLANG_ANALYZER_NONNULL = YES;
				CLANG_ANALYZER_NUMBER_OBJECT_CONVERSION = YES_AGGRESSIVE;
				CLANG_CXX_LANGUAGE_STANDARD = "gnu++14";
				CLANG_CXX_LIBRARY = "libc++";
				CLANG_ENABLE_MODULES = YES;
				CLANG_ENABLE_OBJC_ARC = YES;
				CLANG_ENABLE_OBJC_WEAK = YES;
				CLANG_WARN_BLOCK_CAPTURE_AUTORELEASING = YES;
				CLANG_WARN_BOOL_CONVERSION = YES;
				CLANG_WARN_COMMA = YES;
				CLANG_WARN_CONSTANT_CONVERSION = YES;
				CLANG_WARN_DEPRECATED_OBJC_IMPLEMENTATIONS = YES;
				CLANG_WARN_DIRECT_OBJC_ISA_USAGE = YES_ERROR;
				CLANG_WARN_DOCUMENTATION_COMMENTS = YES;
				CLANG_WARN_EMPTY_BODY = YES;
				CLANG_WARN_ENUM_CONVERSION = YES;
				CLANG_WARN_INFINITE_RECURSION = YES;
				CLANG_WARN_INT_CONVERSION = YES;
				CLANG_WARN_NON_LITERAL_NULL_CONVERSION = YES;
				CLANG_WARN_OBJC_IMPLICIT_RETAIN_SELF = YES;
				CLANG_WARN_OBJC_LITERAL_CONVERSION = YES;
				CLANG_WARN_OBJC_ROOT_CLASS = YES_ERROR;
				CLANG_WARN_RANGE_LOOP_ANALYSIS = YES;
				CLANG_WARN_STRICT_PROTOTYPES = YES;
				CLANG_WARN_SUSPICIOUS_MOVE = YES;
				CLANG_WARN_UNGUARDED_AVAILABILITY = YES_AGGRESSIVE;
				CLANG_WARN_UNREACHABLE_CODE = YES;
				CLANG_WARN__DUPLICATE_METHOD_MATCH = YES;
				COPY_PHASE_STRIP = NO;
				DEBUG_INFORMATION_FORMAT = dwarf;
				ENABLE_STRICT_OBJC_MSGSEND = YES;
				ENABLE_TESTABILITY = YES;
				GCC_C_LANGUAGE_STANDARD = gnu11;
				GCC_DYNAMIC_NO_PIC = NO;
				GCC_NO_COMMON_BLOCKS = YES;
				GCC_OPTIMIZATION_LEVEL = 0;
				GCC_PREPROCESSOR_DEFINITIONS = (
					"DEBUG=1",
					"$(inherited)",
				);
				GCC_WARN_64_TO_32_BIT_CONVERSION = YES;
				GCC_WARN_ABOUT_RETURN_TYPE = YES_ERROR;
				GCC_WARN_UNDECLARED_SELECTOR = YES;
				GCC_WARN_UNINITIALIZED_AUTOS = YES_AGGRESSIVE;
				GCC_WARN_UNUSED_FUNCTION = YES;
				GCC_WARN_UNUSED_VARIABLE = YES;
				MACOSX_DEPLOYMENT_TARGET = 10.15;
				MTL_ENABLE_DEBUG_INFO = INCLUDE_SOURCE;
				MTL_FAST_MATH = YES;
				ONLY_ACTIVE_ARCH = YES;
				SDKROOT = macosx;
				SWIFT_ACTIVE_COMPILATION_CONDITIONS = DEBUG;
				SWIFT_OPTIMIZATION_LEVEL = "-Onone";
			};
			name = Debug;
		};
		B4F99D7A2410291900307B5F /* Release */ = {
			isa = XCBuildConfiguration;
			buildSettings = {
				ALWAYS_SEARCH_USER_PATHS = NO;
				CLANG_ANALYZER_NONNULL = YES;
				CLANG_ANALYZER_NUMBER_OBJECT_CONVERSION = YES_AGGRESSIVE;
				CLANG_CXX_LANGUAGE_STANDARD = "gnu++14";
				CLANG_CXX_LIBRARY = "libc++";
				CLANG_ENABLE_MODULES = YES;
				CLANG_ENABLE_OBJC_ARC = YES;
				CLANG_ENABLE_OBJC_WEAK = YES;
				CLANG_WARN_BLOCK_CAPTURE_AUTORELEASING = YES;
				CLANG_WARN_BOOL_CONVERSION = YES;
				CLANG_WARN_COMMA = YES;
				CLANG_WARN_CONSTANT_CONVERSION = YES;
				CLANG_WARN_DEPRECATED_OBJC_IMPLEMENTATIONS = YES;
				CLANG_WARN_DIRECT_OBJC_ISA_USAGE = YES_ERROR;
				CLANG_WARN_DOCUMENTATION_COMMENTS = YES;
				CLANG_WARN_EMPTY_BODY = YES;
				CLANG_WARN_ENUM_CONVERSION = YES;
				CLANG_WARN_INFINITE_RECURSION = YES;
				CLANG_WARN_INT_CONVERSION = YES;
				CLANG_WARN_NON_LITERAL_NULL_CONVERSION = YES;
				CLANG_WARN_OBJC_IMPLICIT_RETAIN_SELF = YES;
				CLANG_WARN_OBJC_LITERAL_CONVERSION = YES;
				CLANG_WARN_OBJC_ROOT_CLASS = YES_ERROR;
				CLANG_WARN_RANGE_LOOP_ANALYSIS = YES;
				CLANG_WARN_STRICT_PROTOTYPES = YES;
				CLANG_WARN_SUSPICIOUS_MOVE = YES;
				CLANG_WARN_UNGUARDED_AVAILABILITY = YES_AGGRESSIVE;
				CLANG_WARN_UNREACHABLE_CODE = YES;
				CLANG_WARN__DUPLICATE_METHOD_MATCH = YES;
				COPY_PHASE_STRIP = NO;
				DEBUG_INFORMATION_FORMAT = "dwarf-with-dsym";
				ENABLE_NS_ASSERTIONS = NO;
				ENABLE_STRICT_OBJC_MSGSEND = YES;
				GCC_C_LANGUAGE_STANDARD = gnu11;
				GCC_NO_COMMON_BLOCKS = YES;
				GCC_WARN_64_TO_32_BIT_CONVERSION = YES;
				GCC_WARN_ABOUT_RETURN_TYPE = YES_ERROR;
				GCC_WARN_UNDECLARED_SELECTOR = YES;
				GCC_WARN_UNINITIALIZED_AUTOS = YES_AGGRESSIVE;
				GCC_WARN_UNUSED_FUNCTION = YES;
				GCC_WARN_UNUSED_VARIABLE = YES;
				MACOSX_DEPLOYMENT_TARGET = 10.15;
				MTL_ENABLE_DEBUG_INFO = NO;
				MTL_FAST_MATH = YES;
				SDKROOT = macosx;
				SWIFT_COMPILATION_MODE = wholemodule;
				SWIFT_OPTIMIZATION_LEVEL = "-O";
			};
			name = Release;
		};
		B4F99D7C2410291900307B5F /* Debug */ = {
			isa = XCBuildConfiguration;
			buildSettings = {
				ALWAYS_EMBED_SWIFT_STANDARD_LIBRARIES = YES;
				ASSETCATALOG_COMPILER_APPICON_NAME = AppIcon;
				CODE_SIGN_ENTITLEMENTS = EmbellishForXcode/EmbellishForXcode.entitlements;
				CODE_SIGN_IDENTITY = "Apple Development";
				CODE_SIGN_STYLE = Automatic;
				COMBINE_HIDPI_IMAGES = YES;
				DEVELOPMENT_TEAM = 4NN457KWJ4;
				ENABLE_HARDENED_RUNTIME = YES;
				INFOPLIST_FILE = EmbellishForXcode/Info.plist;
				LD_RUNPATH_SEARCH_PATHS = (
					"$(inherited)",
					"@executable_path/../Frameworks",
				);
				PRODUCT_BUNDLE_IDENTIFIER = com.albebaubles.EmbellishForXcode;
				PRODUCT_NAME = "$(TARGET_NAME)";
				SWIFT_VERSION = 5.0;
			};
			name = Debug;
		};
		B4F99D7D2410291900307B5F /* Release */ = {
			isa = XCBuildConfiguration;
			buildSettings = {
				ALWAYS_EMBED_SWIFT_STANDARD_LIBRARIES = YES;
				ASSETCATALOG_COMPILER_APPICON_NAME = AppIcon;
				CODE_SIGN_ENTITLEMENTS = EmbellishForXcode/EmbellishForXcode.entitlements;
				CODE_SIGN_IDENTITY = "Apple Development";
				CODE_SIGN_STYLE = Automatic;
				COMBINE_HIDPI_IMAGES = YES;
				DEVELOPMENT_TEAM = 4NN457KWJ4;
				ENABLE_HARDENED_RUNTIME = YES;
				INFOPLIST_FILE = EmbellishForXcode/Info.plist;
				LD_RUNPATH_SEARCH_PATHS = (
					"$(inherited)",
					"@executable_path/../Frameworks",
				);
				PRODUCT_BUNDLE_IDENTIFIER = com.albebaubles.EmbellishForXcode;
				PRODUCT_NAME = "$(TARGET_NAME)";
				SWIFT_VERSION = 5.0;
			};
			name = Release;
		};
		B4F99D912410292700307B5F /* Debug */ = {
			isa = XCBuildConfiguration;
			buildSettings = {
				ASSETCATALOG_COMPILER_APPICON_NAME = AppIcon;
				CODE_SIGN_ENTITLEMENTS = Embellish/proj/Embellish.entitlements;
				CODE_SIGN_IDENTITY = "Apple Development";
				CODE_SIGN_STYLE = Automatic;
				COMBINE_HIDPI_IMAGES = YES;
				DEVELOPMENT_TEAM = 4NN457KWJ4;
				ENABLE_HARDENED_RUNTIME = YES;
				INFOPLIST_FILE = Embellish/proj/Info.plist;
				LD_RUNPATH_SEARCH_PATHS = (
					"$(inherited)",
					"@executable_path/../Frameworks",
					"@executable_path/../../../../Frameworks",
				);
				MACOSX_DEPLOYMENT_TARGET = 10.14;
				PRODUCT_BUNDLE_IDENTIFIER = com.albebaubles.EmbellishForXcode.Embellish;
				PRODUCT_NAME = "$(TARGET_NAME)";
				SKIP_INSTALL = YES;
				SWIFT_VERSION = 5.0;
			};
			name = Debug;
		};
		B4F99D922410292700307B5F /* Release */ = {
			isa = XCBuildConfiguration;
			buildSettings = {
				ASSETCATALOG_COMPILER_APPICON_NAME = AppIcon;
				CODE_SIGN_ENTITLEMENTS = Embellish/proj/Embellish.entitlements;
				CODE_SIGN_IDENTITY = "Apple Development";
				CODE_SIGN_STYLE = Automatic;
				COMBINE_HIDPI_IMAGES = YES;
				DEVELOPMENT_TEAM = 4NN457KWJ4;
				ENABLE_HARDENED_RUNTIME = YES;
				INFOPLIST_FILE = Embellish/proj/Info.plist;
				LD_RUNPATH_SEARCH_PATHS = (
					"$(inherited)",
					"@executable_path/../Frameworks",
					"@executable_path/../../../../Frameworks",
				);
				MACOSX_DEPLOYMENT_TARGET = 10.14;
				PRODUCT_BUNDLE_IDENTIFIER = com.albebaubles.EmbellishForXcode.Embellish;
				PRODUCT_NAME = "$(TARGET_NAME)";
				SKIP_INSTALL = YES;
				SWIFT_VERSION = 5.0;
			};
			name = Release;
		};
/* End XCBuildConfiguration section */

/* Begin XCConfigurationList section */
		B4F99D662410291800307B5F /* Build configuration list for PBXProject "EmbellishForXcode" */ = {
			isa = XCConfigurationList;
			buildConfigurations = (
				B4F99D792410291900307B5F /* Debug */,
				B4F99D7A2410291900307B5F /* Release */,
			);
			defaultConfigurationIsVisible = 0;
			defaultConfigurationName = Release;
		};
		B4F99D7B2410291900307B5F /* Build configuration list for PBXNativeTarget "EmbellishForXcode" */ = {
			isa = XCConfigurationList;
			buildConfigurations = (
				B4F99D7C2410291900307B5F /* Debug */,
				B4F99D7D2410291900307B5F /* Release */,
			);
			defaultConfigurationIsVisible = 0;
			defaultConfigurationName = Release;
		};
		B4F99D902410292700307B5F /* Build configuration list for PBXNativeTarget "Embellish" */ = {
			isa = XCConfigurationList;
			buildConfigurations = (
				B4F99D912410292700307B5F /* Debug */,
				B4F99D922410292700307B5F /* Release */,
			);
			defaultConfigurationIsVisible = 0;
			defaultConfigurationName = Release;
		};
/* End XCConfigurationList section */
	};
	rootObject = B4F99D632410291800307B5F /* Project object */;
}
